
Microsoft Visual Studio Solution File, Format Version 12.00
# Visual Studio Version 17
VisualStudioVersion = 17.6.33717.318
MinimumVisualStudioVersion = 10.0.40219.1
Project("{FAE04EC0-301F-11D3-BF4B-00C04F79EFBC}") = "AppUI", "AppUI.csproj", "{4EE1495F-6638-42BA-85A7-D80813677641}"
EndProject
Project("{FAE04EC0-301F-11D3-BF4B-00C04F79EFBC}") = "BLL", "BLL\BLL.csproj", "{FFA3FF87-F601-45DD-BD21-30493F12E32E}"
EndProject
Project("{FAE04EC0-301F-11D3-BF4B-00C04F79EFBC}") = "DAL", "DAL\DAL.csproj", "{3A92671E-B435-4E8E-B079-35707D7375F6}"
EndProject
Global
	GlobalSection(SolutionConfigurationPlatforms) = preSolution
		Debug|Any CPU = Debug|Any CPU
		Release|Any CPU = Release|Any CPU
	EndGlobalSection
	GlobalSection(ProjectConfigurationPlatforms) = postSolution
		{4EE1495F-6638-42BA-85A7-D80813677641}.Debug|Any CPU.ActiveCfg = Debug|Any CPU
		{4EE1495F-6638-42BA-85A7-D80813677641}.Debug|Any CPU.Build.0 = Debug|Any CPU
		{4EE1495F-6638-42BA-85A7-D80813677641}.Release|Any CPU.ActiveCfg = Release|Any CPU
		{4EE1495F-6638-42BA-85A7-D80813677641}.Release|Any CPU.Build.0 = Release|Any CPU
		{FFA3FF87-F601-45DD-BD21-30493F12E32E}.Debug|Any CPU.ActiveCfg = Debug|Any CPU
		{FFA3FF87-F601-45DD-BD21-30493F12E32E}.Debug|Any CPU.Build.0 = Debug|Any CPU
		{FFA3FF87-F601-45DD-BD21-30493F12E32E}.Release|Any CPU.ActiveCfg = Release|Any CPU
		{FFA3FF87-F601-45DD-BD21-30493F12E32E}.Release|Any CPU.Build.0 = Release|Any CPU
		{3A92671E-B435-4E8E-B079-35707D7375F6}.Debug|Any CPU.ActiveCfg = Debug|Any CPU
		{3A92671E-B435-4E8E-B079-35707D7375F6}.Debug|Any CPU.Build.0 = Debug|Any CPU
		{3A92671E-B435-4E8E-B079-35707D7375F6}.Release|Any CPU.ActiveCfg = Release|Any CPU
		{3A92671E-B435-4E8E-B079-35707D7375F6}.Release|Any CPU.Build.0 = Release|Any CPU
	EndGlobalSection
	GlobalSection(SolutionProperties) = preSolution
		HideSolutionNode = FALSE
	EndGlobalSection
	GlobalSection(ExtensibilityGlobals) = postSolution
		SolutionGuid = {43F1B0A4-7C45-4099-9E83-7FAED2622C27}
	EndGlobalSection
EndGlobal
